# This file is automatically @generated by Poetry and should not be changed by hand.

[[package]]
name = "pybluez-updated"
version = "0.31"
description = "Bluetooth Python extension module"
category = "main"
optional = false
python-versions = ">=3.7"
files = [
    {file = "PyBluez-updated-0.31.tar.gz", hash = "sha256:95b04cda056e9070d55479e5ce27cc823a410e1241e9b11d65e561a8dd2e701a"},
]

[package.extras]
ble = ["gattlib"]

[metadata]
lock-version = "2.0"
python-versions = "^3.10"
content-hash = "07621327fbc6f243781ece24e0f30aa9fc4bbe76fe1b8c90b6ec2a525060ccad"
